
Microsoft Visual Studio Solution File, Format Version 12.00
# Visual Studio Version 16
VisualStudioVersion = 16.0.29926.136
MinimumVisualStudioVersion = 10.0.40219.1
Project("{FAE04EC0-301F-11D3-BF4B-00C04F79EFBC}") = "PCModel", "PCModel.csproj", "{125E1E7A-BB9D-4FCF-8406-922B5DE76EDC}"
EndProject
Project("{9A19103F-16F7-4668-BE54-9A1E7A4F7556}") = "PCgRPCService", "..\PCgRPCService\PCgRPCService.csproj", "{EB22C397-900E-40CD-8534-F7213B0BD643}"
EndProject
Project("{FAE04EC0-301F-11D3-BF4B-00C04F79EFBC}") = "PCClient", "..\PCClient\PCClient.csproj", "{59512859-4178-4445-83C0-91FA3A53A7E7}"
EndProject
Global
	GlobalSection(SolutionConfigurationPlatforms) = preSolution
		Debug|Any CPU = Debug|Any CPU
		Release|Any CPU = Release|Any CPU
	EndGlobalSection
	GlobalSection(ProjectConfigurationPlatforms) = postSolution
		{125E1E7A-BB9D-4FCF-8406-922B5DE76EDC}.Debug|Any CPU.ActiveCfg = Debug|Any CPU
		{125E1E7A-BB9D-4FCF-8406-922B5DE76EDC}.Debug|Any CPU.Build.0 = Debug|Any CPU
		{125E1E7A-BB9D-4FCF-8406-922B5DE76EDC}.Release|Any CPU.ActiveCfg = Release|Any CPU
		{125E1E7A-BB9D-4FCF-8406-922B5DE76EDC}.Release|Any CPU.Build.0 = Release|Any CPU
		{EB22C397-900E-40CD-8534-F7213B0BD643}.Debug|Any CPU.ActiveCfg = Debug|Any CPU
		{EB22C397-900E-40CD-8534-F7213B0BD643}.Debug|Any CPU.Build.0 = Debug|Any CPU
		{EB22C397-900E-40CD-8534-F7213B0BD643}.Release|Any CPU.ActiveCfg = Release|Any CPU
		{EB22C397-900E-40CD-8534-F7213B0BD643}.Release|Any CPU.Build.0 = Release|Any CPU
		{59512859-4178-4445-83C0-91FA3A53A7E7}.Debug|Any CPU.ActiveCfg = Debug|Any CPU
		{59512859-4178-4445-83C0-91FA3A53A7E7}.Debug|Any CPU.Build.0 = Debug|Any CPU
		{59512859-4178-4445-83C0-91FA3A53A7E7}.Release|Any CPU.ActiveCfg = Release|Any CPU
		{59512859-4178-4445-83C0-91FA3A53A7E7}.Release|Any CPU.Build.0 = Release|Any CPU
	EndGlobalSection
	GlobalSection(SolutionProperties) = preSolution
		HideSolutionNode = FALSE
	EndGlobalSection
	GlobalSection(ExtensibilityGlobals) = postSolution
		SolutionGuid = {BC789354-D3E2-41F8-AB14-C19DB06C68AF}
	EndGlobalSection
EndGlobal
